
Microsoft Visual Studio Solution File, Format Version 12.00
# Visual Studio Version 17
VisualStudioVersion = 17.11.35303.130
MinimumVisualStudioVersion = 10.0.40219.1
Project("{8BC9CEB8-8B4A-11D0-8D11-00A0C91BC942}") = "Lab_06.2i", "Lab_06.2i\Lab_06.2i.vcxproj", "{F2479BE0-3564-4584-B3AF-0BFC6D229022}"
EndProject
Project("{8BC9CEB8-8B4A-11D0-8D11-00A0C91BC942}") = "UnitTest1", "UnitTest1\UnitTest1.vcxproj", "{99A41049-6C20-4F40-8833-8EA5799511FD}"
EndProject
Global
	GlobalSection(SolutionConfigurationPlatforms) = preSolution
		Debug|x64 = Debug|x64
		Debug|x86 = Debug|x86
		Release|x64 = Release|x64
		Release|x86 = Release|x86
	EndGlobalSection
	GlobalSection(ProjectConfigurationPlatforms) = postSolution
		{F2479BE0-3564-4584-B3AF-0BFC6D229022}.Debug|x64.ActiveCfg = Debug|x64
		{F2479BE0-3564-4584-B3AF-0BFC6D229022}.Debug|x64.Build.0 = Debug|x64
		{F2479BE0-3564-4584-B3AF-0BFC6D229022}.Debug|x86.ActiveCfg = Debug|Win32
		{F2479BE0-3564-4584-B3AF-0BFC6D229022}.Debug|x86.Build.0 = Debug|Win32
		{F2479BE0-3564-4584-B3AF-0BFC6D229022}.Release|x64.ActiveCfg = Release|x64
		{F2479BE0-3564-4584-B3AF-0BFC6D229022}.Release|x64.Build.0 = Release|x64
		{F2479BE0-3564-4584-B3AF-0BFC6D229022}.Release|x86.ActiveCfg = Release|Win32
		{F2479BE0-3564-4584-B3AF-0BFC6D229022}.Release|x86.Build.0 = Release|Win32
		{99A41049-6C20-4F40-8833-8EA5799511FD}.Debug|x64.ActiveCfg = Debug|x64
		{99A41049-6C20-4F40-8833-8EA5799511FD}.Debug|x64.Build.0 = Debug|x64
		{99A41049-6C20-4F40-8833-8EA5799511FD}.Debug|x86.ActiveCfg = Debug|Win32
		{99A41049-6C20-4F40-8833-8EA5799511FD}.Debug|x86.Build.0 = Debug|Win32
		{99A41049-6C20-4F40-8833-8EA5799511FD}.Release|x64.ActiveCfg = Release|x64
		{99A41049-6C20-4F40-8833-8EA5799511FD}.Release|x64.Build.0 = Release|x64
		{99A41049-6C20-4F40-8833-8EA5799511FD}.Release|x86.ActiveCfg = Release|Win32
		{99A41049-6C20-4F40-8833-8EA5799511FD}.Release|x86.Build.0 = Release|Win32
	EndGlobalSection
	GlobalSection(SolutionProperties) = preSolution
		HideSolutionNode = FALSE
	EndGlobalSection
	GlobalSection(ExtensibilityGlobals) = postSolution
		SolutionGuid = {29D59A57-B989-44B1-A6B6-9EDD909C33CC}
	EndGlobalSection
EndGlobal
